
Microsoft Visual Studio Solution File, Format Version 12.00
# Visual Studio 15
VisualStudioVersion = 15.0.27703.2035
MinimumVisualStudioVersion = 10.0.40219.1
Project("{FAE04EC0-301F-11D3-BF4B-00C04F79EFBC}") = "Delegates", "Delegates\Delegates.csproj", "{B36AF5EB-D1D1-4FBA-A6DF-CFF7F2E12A01}"
EndProject
Global
	GlobalSection(SolutionConfigurationPlatforms) = preSolution
		Debug|Any CPU = Debug|Any CPU
		Release|Any CPU = Release|Any CPU
	EndGlobalSection
	GlobalSection(ProjectConfigurationPlatforms) = postSolution
		{B36AF5EB-D1D1-4FBA-A6DF-CFF7F2E12A01}.Debug|Any CPU.ActiveCfg = Debug|Any CPU
		{B36AF5EB-D1D1-4FBA-A6DF-CFF7F2E12A01}.Debug|Any CPU.Build.0 = Debug|Any CPU
		{B36AF5EB-D1D1-4FBA-A6DF-CFF7F2E12A01}.Release|Any CPU.ActiveCfg = Release|Any CPU
		{B36AF5EB-D1D1-4FBA-A6DF-CFF7F2E12A01}.Release|Any CPU.Build.0 = Release|Any CPU
	EndGlobalSection
	GlobalSection(SolutionProperties) = preSolution
		HideSolutionNode = FALSE
	EndGlobalSection
	GlobalSection(ExtensibilityGlobals) = postSolution
		SolutionGuid = {BB14B55C-69DA-4D92-9CA1-D88E3A1076E8}
	EndGlobalSection
EndGlobal
